{
  "managedFiles": [
    ".agents/skills/finish-change/.engineering-process.json",
    ".agents/skills/finish-change/SKILL.md",
    ".agents/skills/implement-change/.engineering-process.json",
    ".agents/skills/implement-change/SKILL.md",
    ".agents/skills/improve-process/.engineering-process.json",
    ".agents/skills/improve-process/SKILL.md",
    ".agents/skills/plan-change/.engineering-process.json",
    ".agents/skills/plan-change/SKILL.md",
    ".agents/skills/production-engineering/.engineering-process.json",
    ".agents/skills/production-engineering/SKILL.md",
    ".agents/skills/production-engineering/invariants.json",
    ".agents/skills/review-change/.engineering-process.json",
    ".agents/skills/review-change/SKILL.md",
    ".agents/skills/run-change/.engineering-process.json",
    ".agents/skills/run-change/SKILL.md",
    ".agents/skills/start-change/.engineering-process.json",
    ".agents/skills/start-change/SKILL.md",
    ".agents/skills/verify-change/.engineering-process.json",
    ".agents/skills/verify-change/SKILL.md",
    ".process/adopt-process-windows-job.py",
    ".process/adopt-process.py"
  ],
  "process": {
    "digest": "sha256:d410129ceeb4b7fa0a1bb8f4a6b911ab047a33ebae410056b5940d4e46a79b7a",
    "package": "engineering-process",
    "version": "1.2.1"
  },
  "requirementsDigest": "sha256:7f526c1b56af0fd8fc9ceca1d23d5b7321042b4a26b49490576020eb3383074d",
  "schemaVersion": 2,
  "skills": [
    "finish-change",
    "implement-change",
    "improve-process",
    "plan-change",
    "production-engineering",
    "review-change",
    "run-change",
    "start-change",
    "verify-change"
  ]
}
