{
  "schemaVersion": 1,
  "process": {
    "version": "0.9.0",
    "digest": "sha256:f920dc2b718b1f0ab2c31fd9dbb7d67588ce6dffd34cc28349148bb481447e8a"
  },
  "skills": [
    "assess-design",
    "cross-repo-change",
    "define-change-contract",
    "evolve-process",
    "finish-change",
    "implement-change",
    "maintain-docs",
    "plan-change",
    "publish-change",
    "review-change",
    "run-change",
    "run-project-command",
    "verify-change"
  ]
}
