{
  "managedFiles": [
    ".agents/skills/change-complete/.engineering-process.json",
    ".agents/skills/change-complete/SKILL.md",
    ".agents/skills/change-implement/.engineering-process.json",
    ".agents/skills/change-implement/SKILL.md",
    ".agents/skills/change-plan/.engineering-process.json",
    ".agents/skills/change-plan/SKILL.md",
    ".agents/skills/change-review/.engineering-process.json",
    ".agents/skills/change-review/SKILL.md",
    ".agents/skills/change-start/.engineering-process.json",
    ".agents/skills/change-start/SKILL.md",
    ".agents/skills/change-verify/.engineering-process.json",
    ".agents/skills/change-verify/SKILL.md",
    ".agents/skills/deliver-change/.engineering-process.json",
    ".agents/skills/deliver-change/SKILL.md",
    ".agents/skills/process-improve/.engineering-process.json",
    ".agents/skills/process-improve/SKILL.md",
    ".agents/skills/production-engineering/.engineering-process.json",
    ".agents/skills/production-engineering/SKILL.md",
    ".agents/skills/production-engineering/invariants.json",
    ".process/adopt-process-windows-job.py",
    ".process/adopt-process.py"
  ],
  "process": {
    "digest": "sha256:abf64caaf1ebb16bc84f1a66db903646bf84de98ded3cbccf636b8dcb4fb5813",
    "package": "engineering-process",
    "version": "2.6.0"
  },
  "requirementsDigest": "sha256:2b00512b67d0c972c91362863121d0ce254183b2e95820603d483c1a03e4443f",
  "schemaVersion": 2,
  "skills": [
    "change-complete",
    "change-implement",
    "change-plan",
    "change-review",
    "change-start",
    "change-verify",
    "deliver-change",
    "process-improve",
    "production-engineering"
  ]
}
